// !$*UTF8*$!
{
	archiveVersion = 1;
	classes = {
	};
	objectVersion = 55;
	objects = {

/* Begin PBXBuildFile section */
		7D107E5327BAEBAF00677904 /* TabButton.swift in Sources */ = {isa = PBXBuildFile; fileRef = 7D228DD027B8177F00A08CB6 /* TabButton.swift */; };
		7D220F7227BBC8DD00DF9A33 /* SidebarView.swift in Sources */ = {isa = PBXBuildFile; fileRef = 7D220F7127BBC8DD00DF9A33 /* SidebarView.swift */; };
		7D220F7327BBC8DD00DF9A33 /* SidebarView.swift in Sources */ = {isa = PBXBuildFile; fileRef = 7D220F7127BBC8DD00DF9A33 /* SidebarView.swift */; };
		7D220F7627BBDBCB00DF9A33 /* CenterModifier.swift in Sources */ = {isa = PBXBuildFile; fileRef = 7D220F7527BBDBCB00DF9A33 /* CenterModifier.swift */; };
		7D220F7727BBDBCB00DF9A33 /* CenterModifier.swift in Sources */ = {isa = PBXBuildFile; fileRef = 7D220F7527BBDBCB00DF9A33 /* CenterModifier.swift */; };
		7D228D7427B8118F00A08CB6 /* OldContentView.swift in Sources */ = {isa = PBXBuildFile; fileRef = 7D228D7327B8118F00A08CB6 /* OldContentView.swift */; };
		7D228D7C27B813CD00A08CB6 /* onSetDesktopApp.swift in Sources */ = {isa = PBXBuildFile; fileRef = 7D228D7B27B813CD00A08CB6 /* onSetDesktopApp.swift */; };
		7D228D7E27B813CD00A08CB6 /* ContentView.swift in Sources */ = {isa = PBXBuildFile; fileRef = 7D228D7D27B813CD00A08CB6 /* ContentView.swift */; };
		7D228D8027B813D000A08CB6 /* Assets.xcassets in Resources */ = {isa = PBXBuildFile; fileRef = 7D228D7F27B813D000A08CB6 /* Assets.xcassets */; };
		7D228D8327B813D000A08CB6 /* Preview Assets.xcassets in Resources */ = {isa = PBXBuildFile; fileRef = 7D228D8227B813D000A08CB6 /* Preview Assets.xcassets */; };
		7D228D8527B813D000A08CB6 /* Persistence.swift in Sources */ = {isa = PBXBuildFile; fileRef = 7D228D8427B813D000A08CB6 /* Persistence.swift */; };
		7D228D8827B813D000A08CB6 /* onSetDesktop.xcdatamodeld in Sources */ = {isa = PBXBuildFile; fileRef = 7D228D8627B813D000A08CB6 /* onSetDesktop.xcdatamodeld */; };
		7D228DC627B8151600A08CB6 /* Home.swift in Sources */ = {isa = PBXBuildFile; fileRef = 7D228DC527B8151600A08CB6 /* Home.swift */; };
		7D228DC727B8151600A08CB6 /* Home.swift in Sources */ = {isa = PBXBuildFile; fileRef = 7D228DC527B8151600A08CB6 /* Home.swift */; };
		7D228DCA27B8160100A08CB6 /* onSetApp.swift in Sources */ = {isa = PBXBuildFile; fileRef = 7D652262279DB3E5003E03EE /* onSetApp.swift */; };
		7D228DD127B8177F00A08CB6 /* PostView.swift in Sources */ = {isa = PBXBuildFile; fileRef = 7D228DCC27B8177E00A08CB6 /* PostView.swift */; };
		7D228DD227B8177F00A08CB6 /* PostView.swift in Sources */ = {isa = PBXBuildFile; fileRef = 7D228DCC27B8177E00A08CB6 /* PostView.swift */; };
		7D228DD327B8177F00A08CB6 /* BlurWindow.swift in Sources */ = {isa = PBXBuildFile; fileRef = 7D228DCD27B8177E00A08CB6 /* BlurWindow.swift */; };
		7D228DD427B8177F00A08CB6 /* BlurWindow.swift in Sources */ = {isa = PBXBuildFile; fileRef = 7D228DCD27B8177E00A08CB6 /* BlurWindow.swift */; };
		7D228DD527B8177F00A08CB6 /* SideView.swift in Sources */ = {isa = PBXBuildFile; fileRef = 7D228DCE27B8177F00A08CB6 /* SideView.swift */; };
		7D228DD627B8177F00A08CB6 /* SideView.swift in Sources */ = {isa = PBXBuildFile; fileRef = 7D228DCE27B8177F00A08CB6 /* SideView.swift */; };
		7D228DD727B8177F00A08CB6 /* MainScreenView.swift in Sources */ = {isa = PBXBuildFile; fileRef = 7D228DCF27B8177F00A08CB6 /* MainScreenView.swift */; };
		7D228DD827B8177F00A08CB6 /* MainScreenView.swift in Sources */ = {isa = PBXBuildFile; fileRef = 7D228DCF27B8177F00A08CB6 /* MainScreenView.swift */; };
		7D228DD927B8177F00A08CB6 /* TabButton.swift in Sources */ = {isa = PBXBuildFile; fileRef = 7D228DD027B8177F00A08CB6 /* TabButton.swift */; };
		7D228DDB27B817FF00A08CB6 /* Assets.xcassets in Resources */ = {isa = PBXBuildFile; fileRef = 7D228D7F27B813D000A08CB6 /* Assets.xcassets */; };
		7D228DDC27B81B6B00A08CB6 /* Assets.xcassets in Resources */ = {isa = PBXBuildFile; fileRef = 7D652266279DB3E6003E03EE /* Assets.xcassets */; };
		7D652267279DB3E6003E03EE /* Assets.xcassets in Resources */ = {isa = PBXBuildFile; fileRef = 7D652266279DB3E6003E03EE /* Assets.xcassets */; };
		7D65226A279DB3E6003E03EE /* Preview Assets.xcassets in Resources */ = {isa = PBXBuildFile; fileRef = 7D652269279DB3E6003E03EE /* Preview Assets.xcassets */; };
		7D65226C279DB3E6003E03EE /* Persistence.swift in Sources */ = {isa = PBXBuildFile; fileRef = 7D65226B279DB3E6003E03EE /* Persistence.swift */; };
		7D65226F279DB3E6003E03EE /* onSet.xcdatamodeld in Sources */ = {isa = PBXBuildFile; fileRef = 7D65226D279DB3E6003E03EE /* onSet.xcdatamodeld */; };
		7D7E09F527B18AED00B7E9F6 /* ProjectsView.swift in Sources */ = {isa = PBXBuildFile; fileRef = 7D7E09F427B18AED00B7E9F6 /* ProjectsView.swift */; };
		7D7E09F727B18D6F00B7E9F6 /* Colors.swift in Sources */ = {isa = PBXBuildFile; fileRef = 7D7E09F627B18D6F00B7E9F6 /* Colors.swift */; };
		7D7E09FA27B1A40A00B7E9F6 /* ProductionStickerView.swift in Sources */ = {isa = PBXBuildFile; fileRef = 7D7E09F927B1A40A00B7E9F6 /* ProductionStickerView.swift */; };
		7D86CE8727BA9EE9003A7468 /* ProducerView.swift in Sources */ = {isa = PBXBuildFile; fileRef = 7D86CE8627BA9EE9003A7468 /* ProducerView.swift */; };
		7D86CE8827BA9EE9003A7468 /* ProducerView.swift in Sources */ = {isa = PBXBuildFile; fileRef = 7D86CE8627BA9EE9003A7468 /* ProducerView.swift */; };
		7DABBB6C27A0C1B5000000B6 /* MainView.swift in Sources */ = {isa = PBXBuildFile; fileRef = 7DABBB6B27A0C1B5000000B6 /* MainView.swift */; };
		7DBD003527B9AE880029BDDD /* CrewCardView.swift in Sources */ = {isa = PBXBuildFile; fileRef = 7DBD003427B9AE880029BDDD /* CrewCardView.swift */; };
		7DBD003627B9AE880029BDDD /* CrewCardView.swift in Sources */ = {isa = PBXBuildFile; fileRef = 7DBD003427B9AE880029BDDD /* CrewCardView.swift */; };
		7DE3508427BB055C00204BAE /* HeaderView.swift in Sources */ = {isa = PBXBuildFile; fileRef = 7DE3508327BB055C00204BAE /* HeaderView.swift */; };
		7DE3508527BB055C00204BAE /* HeaderView.swift in Sources */ = {isa = PBXBuildFile; fileRef = 7DE3508327BB055C00204BAE /* HeaderView.swift */; };
		7DE3508727BB085700204BAE /* FavoritesHeaderView.swift in Sources */ = {isa = PBXBuildFile; fileRef = 7DE3508627BB085700204BAE /* FavoritesHeaderView.swift */; };
		7DE3508827BB085700204BAE /* FavoritesHeaderView.swift in Sources */ = {isa = PBXBuildFile; fileRef = 7DE3508627BB085700204BAE /* FavoritesHeaderView.swift */; };
		7DE3508A27BB0F3000204BAE /* MainView.swift in Sources */ = {isa = PBXBuildFile; fileRef = 7DE3508927BB0F3000204BAE /* MainView.swift */; };
		7DE3508B27BB0F3000204BAE /* MainView.swift in Sources */ = {isa = PBXBuildFile; fileRef = 7DE3508927BB0F3000204BAE /* MainView.swift */; };
		7DE3508D27BB103900204BAE /* UserSettingsView.swift in Sources */ = {isa = PBXBuildFile; fileRef = 7DE3508C27BB103900204BAE /* UserSettingsView.swift */; };
		7DE3508E27BB103900204BAE /* UserSettingsView.swift in Sources */ = {isa = PBXBuildFile; fileRef = 7DE3508C27BB103900204BAE /* UserSettingsView.swift */; };
/* End PBXBuildFile section */

/* Begin PBXFileReference section */
		7D220F7127BBC8DD00DF9A33 /* SidebarView.swift */ = {isa = PBXFileReference; lastKnownFileType = sourcecode.swift; path = SidebarView.swift; sourceTree = "<group>"; };
		7D220F7527BBDBCB00DF9A33 /* CenterModifier.swift */ = {isa = PBXFileReference; fileEncoding = 4; lastKnownFileType = sourcecode.swift; path = CenterModifier.swift; sourceTree = "<group>"; };
		7D228D7327B8118F00A08CB6 /* OldContentView.swift */ = {isa = PBXFileReference; lastKnownFileType = sourcecode.swift; path = OldContentView.swift; sourceTree = "<group>"; };
		7D228D7927B813CD00A08CB6 /* onSetDesktop.app */ = {isa = PBXFileReference; explicitFileType = wrapper.application; includeInIndex = 0; path = onSetDesktop.app; sourceTree = BUILT_PRODUCTS_DIR; };
		7D228D7B27B813CD00A08CB6 /* onSetDesktopApp.swift */ = {isa = PBXFileReference; lastKnownFileType = sourcecode.swift; path = onSetDesktopApp.swift; sourceTree = "<group>"; };
		7D228D7D27B813CD00A08CB6 /* ContentView.swift */ = {isa = PBXFileReference; lastKnownFileType = sourcecode.swift; path = ContentView.swift; sourceTree = "<group>"; };
		7D228D7F27B813D000A08CB6 /* Assets.xcassets */ = {isa = PBXFileReference; lastKnownFileType = folder.assetcatalog; path = Assets.xcassets; sourceTree = "<group>"; };
		7D228D8227B813D000A08CB6 /* Preview Assets.xcassets */ = {isa = PBXFileReference; lastKnownFileType = folder.assetcatalog; path = "Preview Assets.xcassets"; sourceTree = "<group>"; };
		7D228D8427B813D000A08CB6 /* Persistence.swift */ = {isa = PBXFileReference; lastKnownFileType = sourcecode.swift; path = Persistence.swift; sourceTree = "<group>"; };
		7D228D8727B813D000A08CB6 /* onSetDesktop.xcdatamodel */ = {isa = PBXFileReference; lastKnownFileType = wrapper.xcdatamodel; path = onSetDesktop.xcdatamodel; sourceTree = "<group>"; };
		7D228D8927B813D000A08CB6 /* onSetDesktop.entitlements */ = {isa = PBXFileReference; lastKnownFileType = text.plist.entitlements; path = onSetDesktop.entitlements; sourceTree = "<group>"; };
		7D228DC527B8151600A08CB6 /* Home.swift */ = {isa = PBXFileReference; lastKnownFileType = sourcecode.swift; path = Home.swift; sourceTree = "<group>"; };
		7D228DCC27B8177E00A08CB6 /* PostView.swift */ = {isa = PBXFileReference; fileEncoding = 4; lastKnownFileType = sourcecode.swift; path = PostView.swift; sourceTree = "<group>"; };
		7D228DCD27B8177E00A08CB6 /* BlurWindow.swift */ = {isa = PBXFileReference; fileEncoding = 4; lastKnownFileType = sourcecode.swift; path = BlurWindow.swift; sourceTree = "<group>"; };
		7D228DCE27B8177F00A08CB6 /* SideView.swift */ = {isa = PBXFileReference; fileEncoding = 4; lastKnownFileType = sourcecode.swift; path = SideView.swift; sourceTree = "<group>"; };
		7D228DCF27B8177F00A08CB6 /* MainScreenView.swift */ = {isa = PBXFileReference; fileEncoding = 4; lastKnownFileType = sourcecode.swift; path = MainScreenView.swift; sourceTree = "<group>"; };
		7D228DD027B8177F00A08CB6 /* TabButton.swift */ = {isa = PBXFileReference; fileEncoding = 4; lastKnownFileType = sourcecode.swift; path = TabButton.swift; sourceTree = "<group>"; };
		7D65225F279DB3E5003E03EE /* onSet.app */ = {isa = PBXFileReference; explicitFileType = wrapper.application; includeInIndex = 0; path = onSet.app; sourceTree = BUILT_PRODUCTS_DIR; };
		7D652262279DB3E5003E03EE /* onSetApp.swift */ = {isa = PBXFileReference; lastKnownFileType = sourcecode.swift; path = onSetApp.swift; sourceTree = "<group>"; };
		7D652266279DB3E6003E03EE /* Assets.xcassets */ = {isa = PBXFileReference; lastKnownFileType = folder.assetcatalog; path = Assets.xcassets; sourceTree = "<group>"; };
		7D652269279DB3E6003E03EE /* Preview Assets.xcassets */ = {isa = PBXFileReference; lastKnownFileType = folder.assetcatalog; path = "Preview Assets.xcassets"; sourceTree = "<group>"; };
		7D65226B279DB3E6003E03EE /* Persistence.swift */ = {isa = PBXFileReference; lastKnownFileType = sourcecode.swift; path = Persistence.swift; sourceTree = "<group>"; };
		7D65226E279DB3E6003E03EE /* onSet.xcdatamodel */ = {isa = PBXFileReference; lastKnownFileType = wrapper.xcdatamodel; path = onSet.xcdatamodel; sourceTree = "<group>"; };
		7D7E09F427B18AED00B7E9F6 /* ProjectsView.swift */ = {isa = PBXFileReference; lastKnownFileType = sourcecode.swift; path = ProjectsView.swift; sourceTree = "<group>"; };
		7D7E09F627B18D6F00B7E9F6 /* Colors.swift */ = {isa = PBXFileReference; fileEncoding = 4; lastKnownFileType = sourcecode.swift; path = Colors.swift; sourceTree = "<group>"; };
		7D7E09F927B1A40A00B7E9F6 /* ProductionStickerView.swift */ = {isa = PBXFileReference; lastKnownFileType = sourcecode.swift; path = ProductionStickerView.swift; sourceTree = "<group>"; };
		7D86CE8627BA9EE9003A7468 /* ProducerView.swift */ = {isa = PBXFileReference; lastKnownFileType = sourcecode.swift; path = ProducerView.swift; sourceTree = "<group>"; };
		7DABBB6B27A0C1B5000000B6 /* MainView.swift */ = {isa = PBXFileReference; lastKnownFileType = sourcecode.swift; path = MainView.swift; sourceTree = "<group>"; };
		7DBD003427B9AE880029BDDD /* CrewCardView.swift */ = {isa = PBXFileReference; lastKnownFileType = sourcecode.swift; path = CrewCardView.swift; sourceTree = "<group>"; };
		7DE3508327BB055C00204BAE /* HeaderView.swift */ = {isa = PBXFileReference; lastKnownFileType = sourcecode.swift; path = HeaderView.swift; sourceTree = "<group>"; };
		7DE3508627BB085700204BAE /* FavoritesHeaderView.swift */ = {isa = PBXFileReference; lastKnownFileType = sourcecode.swift; path = FavoritesHeaderView.swift; sourceTree = "<group>"; };
		7DE3508927BB0F3000204BAE /* MainView.swift */ = {isa = PBXFileReference; fileEncoding = 4; lastKnownFileType = sourcecode.swift; path = MainView.swift; sourceTree = "<group>"; };
		7DE3508C27BB103900204BAE /* UserSettingsView.swift */ = {isa = PBXFileReference; lastKnownFileType = sourcecode.swift; path = UserSettingsView.swift; sourceTree = "<group>"; };
/* End PBXFileReference section */

/* Begin PBXFrameworksBuildPhase section */
		7D228D7627B813CD00A08CB6 /* Frameworks */ = {
			isa = PBXFrameworksBuildPhase;
			buildActionMask = 2147483647;
			files = (
			);
			runOnlyForDeploymentPostprocessing = 0;
		};
		7D65225C279DB3E5003E03EE /* Frameworks */ = {
			isa = PBXFrameworksBuildPhase;
			buildActionMask = 2147483647;
			files = (
			);
			runOnlyForDeploymentPostprocessing = 0;
		};
/* End PBXFrameworksBuildPhase section */

/* Begin PBXGroup section */
		7D220F7427BBDBB500DF9A33 /* Modifier */ = {
			isa = PBXGroup;
			children = (
				7D220F7527BBDBCB00DF9A33 /* CenterModifier.swift */,
			);
			path = Modifier;
			sourceTree = "<group>";
		};
		7D228D7A27B813CD00A08CB6 /* onSetDesktop */ = {
			isa = PBXGroup;
			children = (
				7D228D7B27B813CD00A08CB6 /* onSetDesktopApp.swift */,
				7D228D7D27B813CD00A08CB6 /* ContentView.swift */,
				7DE3508927BB0F3000204BAE /* MainView.swift */,
				7D228D7F27B813D000A08CB6 /* Assets.xcassets */,
				7D228D8427B813D000A08CB6 /* Persistence.swift */,
				7D228D8927B813D000A08CB6 /* onSetDesktop.entitlements */,
				7D228D8627B813D000A08CB6 /* onSetDesktop.xcdatamodeld */,
				7D220F7427BBDBB500DF9A33 /* Modifier */,
				7D228D8127B813D000A08CB6 /* Preview Content */,
			);
			path = onSetDesktop;
			sourceTree = "<group>";
		};
		7D228D8127B813D000A08CB6 /* Preview Content */ = {
			isa = PBXGroup;
			children = (
				7D228D8227B813D000A08CB6 /* Preview Assets.xcassets */,
			);
			path = "Preview Content";
			sourceTree = "<group>";
		};
		7D228DCB27B8175900A08CB6 /* View */ = {
			isa = PBXGroup;
			children = (
				7DE3508F27BB123700204BAE /* CompossedView */,
				7D228DC527B8151600A08CB6 /* Home.swift */,
				7D228DCD27B8177E00A08CB6 /* BlurWindow.swift */,
				7D228DCF27B8177F00A08CB6 /* MainScreenView.swift */,
				7D228DCC27B8177E00A08CB6 /* PostView.swift */,
				7D228DCE27B8177F00A08CB6 /* SideView.swift */,
				7D228DD027B8177F00A08CB6 /* TabButton.swift */,
				7DE3508C27BB103900204BAE /* UserSettingsView.swift */,
			);
			path = View;
			sourceTree = "<group>";
		};
		7D652256279DB3E5003E03EE = {
			isa = PBXGroup;
			children = (
				7DE3508227BB027700204BAE /* TabViewItems */,
				7DBD003327B9AD820029BDDD /* Form */,
				7D228DCB27B8175900A08CB6 /* View */,
				7D652261279DB3E5003E03EE /* onSet */,
				7D228D7A27B813CD00A08CB6 /* onSetDesktop */,
				7D652260279DB3E5003E03EE /* Products */,
			);
			sourceTree = "<group>";
		};
		7D652260279DB3E5003E03EE /* Products */ = {
			isa = PBXGroup;
			children = (
				7D65225F279DB3E5003E03EE /* onSet.app */,
				7D228D7927B813CD00A08CB6 /* onSetDesktop.app */,
			);
			name = Products;
			sourceTree = "<group>";
		};
		7D652261279DB3E5003E03EE /* onSet */ = {
			isa = PBXGroup;
			children = (
				7D652262279DB3E5003E03EE /* onSetApp.swift */,
				7D228D7327B8118F00A08CB6 /* OldContentView.swift */,
				7DABBB6B27A0C1B5000000B6 /* MainView.swift */,
				7D7E09F027B1867300B7E9F6 /* Projects */,
				7D7E09F227B1868B00B7E9F6 /* Crew */,
				7D65226B279DB3E6003E03EE /* Persistence.swift */,
				7D7E09F827B18D7700B7E9F6 /* Extensions */,
				7D652266279DB3E6003E03EE /* Assets.xcassets */,
				7D65226D279DB3E6003E03EE /* onSet.xcdatamodeld */,
				7D652268279DB3E6003E03EE /* Preview Content */,
			);
			path = onSet;
			sourceTree = "<group>";
		};
		7D652268279DB3E6003E03EE /* Preview Content */ = {
			isa = PBXGroup;
			children = (
				7D652269279DB3E6003E03EE /* Preview Assets.xcassets */,
			);
			path = "Preview Content";
			sourceTree = "<group>";
		};
		7D7E09F027B1867300B7E9F6 /* Projects */ = {
			isa = PBXGroup;
			children = (
				7D7E09F427B18AED00B7E9F6 /* ProjectsView.swift */,
				7D7E09F927B1A40A00B7E9F6 /* ProductionStickerView.swift */,
			);
			path = Projects;
			sourceTree = "<group>";
		};
		7D7E09F227B1868B00B7E9F6 /* Crew */ = {
			isa = PBXGroup;
			children = (
			);
			path = Crew;
			sourceTree = "<group>";
		};
		7D7E09F827B18D7700B7E9F6 /* Extensions */ = {
			isa = PBXGroup;
			children = (
				7D7E09F627B18D6F00B7E9F6 /* Colors.swift */,
			);
			path = Extensions;
			sourceTree = "<group>";
		};
		7DBD003327B9AD820029BDDD /* Form */ = {
			isa = PBXGroup;
			children = (
			);
			path = Form;
			sourceTree = "<group>";
		};
		7DE3508227BB027700204BAE /* TabViewItems */ = {
			isa = PBXGroup;
			children = (
				7DBD003427B9AE880029BDDD /* CrewCardView.swift */,
			);
			path = TabViewItems;
			sourceTree = "<group>";
		};
		7DE3508F27BB123700204BAE /* CompossedView */ = {
			isa = PBXGroup;
			children = (
				7DE3508327BB055C00204BAE /* HeaderView.swift */,
				7DE3508627BB085700204BAE /* FavoritesHeaderView.swift */,
				7D86CE8627BA9EE9003A7468 /* ProducerView.swift */,
				7D220F7127BBC8DD00DF9A33 /* SidebarView.swift */,
			);
			path = CompossedView;
			sourceTree = "<group>";
		};
/* End PBXGroup section */

/* Begin PBXNativeTarget section */
		7D228D7827B813CD00A08CB6 /* onSetDesktop */ = {
			isa = PBXNativeTarget;
			buildConfigurationList = 7D228D8A27B813D000A08CB6 /* Build configuration list for PBXNativeTarget "onSetDesktop" */;
			buildPhases = (
				7D228D7527B813CD00A08CB6 /* Sources */,
				7D228D7627B813CD00A08CB6 /* Frameworks */,
				7D228D7727B813CD00A08CB6 /* Resources */,
			);
			buildRules = (
			);
			dependencies = (
			);
			name = onSetDesktop;
			productName = onSetDesktop;
			productReference = 7D228D7927B813CD00A08CB6 /* onSetDesktop.app */;
			productType = "com.apple.product-type.application";
		};
		7D65225E279DB3E5003E03EE /* onSet */ = {
			isa = PBXNativeTarget;
			buildConfigurationList = 7D652272279DB3E6003E03EE /* Build configuration list for PBXNativeTarget "onSet" */;
			buildPhases = (
				7D65225B279DB3E5003E03EE /* Sources */,
				7D65225C279DB3E5003E03EE /* Frameworks */,
				7D65225D279DB3E5003E03EE /* Resources */,
			);
			buildRules = (
			);
			dependencies = (
			);
			name = onSet;
			productName = onSet;
			productReference = 7D65225F279DB3E5003E03EE /* onSet.app */;
			productType = "com.apple.product-type.application";
		};
/* End PBXNativeTarget section */

/* Begin PBXProject section */
		7D652257279DB3E5003E03EE /* Project object */ = {
			isa = PBXProject;
			attributes = {
				BuildIndependentTargetsInParallel = 1;
				LastSwiftUpdateCheck = 1320;
				LastUpgradeCheck = 1310;
				TargetAttributes = {
					7D228D7827B813CD00A08CB6 = {
						CreatedOnToolsVersion = 13.2.1;
					};
					7D65225E279DB3E5003E03EE = {
						CreatedOnToolsVersion = 13.1;
					};
				};
			};
			buildConfigurationList = 7D65225A279DB3E5003E03EE /* Build configuration list for PBXProject "onSet" */;
			compatibilityVersion = "Xcode 13.0";
			developmentRegion = en;
			hasScannedForEncodings = 0;
			knownRegions = (
				en,
				Base,
			);
			mainGroup = 7D652256279DB3E5003E03EE;
			productRefGroup = 7D652260279DB3E5003E03EE /* Products */;
			projectDirPath = "";
			projectRoot = "";
			targets = (
				7D65225E279DB3E5003E03EE /* onSet */,
				7D228D7827B813CD00A08CB6 /* onSetDesktop */,
			);
		};
/* End PBXProject section */

/* Begin PBXResourcesBuildPhase section */
		7D228D7727B813CD00A08CB6 /* Resources */ = {
			isa = PBXResourcesBuildPhase;
			buildActionMask = 2147483647;
			files = (
				7D228D8327B813D000A08CB6 /* Preview Assets.xcassets in Resources */,
				7D228DDC27B81B6B00A08CB6 /* Assets.xcassets in Resources */,
				7D228D8027B813D000A08CB6 /* Assets.xcassets in Resources */,
			);
			runOnlyForDeploymentPostprocessing = 0;
		};
		7D65225D279DB3E5003E03EE /* Resources */ = {
			isa = PBXResourcesBuildPhase;
			buildActionMask = 2147483647;
			files = (
				7D65226A279DB3E6003E03EE /* Preview Assets.xcassets in Resources */,
				7D228DDB27B817FF00A08CB6 /* Assets.xcassets in Resources */,
				7D652267279DB3E6003E03EE /* Assets.xcassets in Resources */,
			);
			runOnlyForDeploymentPostprocessing = 0;
		};
/* End PBXResourcesBuildPhase section */

/* Begin PBXSourcesBuildPhase section */
		7D228D7527B813CD00A08CB6 /* Sources */ = {
			isa = PBXSourcesBuildPhase;
			buildActionMask = 2147483647;
			files = (
				7D228D8827B813D000A08CB6 /* onSetDesktop.xcdatamodeld in Sources */,
				7D228DD827B8177F00A08CB6 /* MainScreenView.swift in Sources */,
				7D228DD627B8177F00A08CB6 /* SideView.swift in Sources */,
				7D228D8527B813D000A08CB6 /* Persistence.swift in Sources */,
				7D228D7E27B813CD00A08CB6 /* ContentView.swift in Sources */,
				7DE3508827BB085700204BAE /* FavoritesHeaderView.swift in Sources */,
				7DBD003627B9AE880029BDDD /* CrewCardView.swift in Sources */,
				7D228DD427B8177F00A08CB6 /* BlurWindow.swift in Sources */,
				7D86CE8827BA9EE9003A7468 /* ProducerView.swift in Sources */,
				7D228DC727B8151600A08CB6 /* Home.swift in Sources */,
				7D107E5327BAEBAF00677904 /* TabButton.swift in Sources */,
				7D228DD227B8177F00A08CB6 /* PostView.swift in Sources */,
				7DE3508E27BB103900204BAE /* UserSettingsView.swift in Sources */,
				7D228D7C27B813CD00A08CB6 /* onSetDesktopApp.swift in Sources */,
				7D220F7327BBC8DD00DF9A33 /* SidebarView.swift in Sources */,
				7D220F7727BBDBCB00DF9A33 /* CenterModifier.swift in Sources */,
				7DE3508B27BB0F3000204BAE /* MainView.swift in Sources */,
				7DE3508527BB055C00204BAE /* HeaderView.swift in Sources */,
			);
			runOnlyForDeploymentPostprocessing = 0;
		};
		7D65225B279DB3E5003E03EE /* Sources */ = {
			isa = PBXSourcesBuildPhase;
			buildActionMask = 2147483647;
			files = (
				7DE3508D27BB103900204BAE /* UserSettingsView.swift in Sources */,
				7D7E09F527B18AED00B7E9F6 /* ProjectsView.swift in Sources */,
				7D220F7227BBC8DD00DF9A33 /* SidebarView.swift in Sources */,
				7DBD003527B9AE880029BDDD /* CrewCardView.swift in Sources */,
				7D228DD727B8177F00A08CB6 /* MainScreenView.swift in Sources */,
				7D65226C279DB3E6003E03EE /* Persistence.swift in Sources */,
				7D228DD327B8177F00A08CB6 /* BlurWindow.swift in Sources */,
				7DE3508A27BB0F3000204BAE /* MainView.swift in Sources */,
				7D228DCA27B8160100A08CB6 /* onSetApp.swift in Sources */,
				7DE3508427BB055C00204BAE /* HeaderView.swift in Sources */,
				7D228DC627B8151600A08CB6 /* Home.swift in Sources */,
				7D7E09F727B18D6F00B7E9F6 /* Colors.swift in Sources */,
				7D228D7427B8118F00A08CB6 /* OldContentView.swift in Sources */,
				7D7E09FA27B1A40A00B7E9F6 /* ProductionStickerView.swift in Sources */,
				7DABBB6C27A0C1B5000000B6 /* MainView.swift in Sources */,
				7D228DD527B8177F00A08CB6 /* SideView.swift in Sources */,
				7D86CE8727BA9EE9003A7468 /* ProducerView.swift in Sources */,
				7D228DD127B8177F00A08CB6 /* PostView.swift in Sources */,
				7DE3508727BB085700204BAE /* FavoritesHeaderView.swift in Sources */,
				7D65226F279DB3E6003E03EE /* onSet.xcdatamodeld in Sources */,
				7D228DD927B8177F00A08CB6 /* TabButton.swift in Sources */,
				7D220F7627BBDBCB00DF9A33 /* CenterModifier.swift in Sources */,
			);
			runOnlyForDeploymentPostprocessing = 0;
		};
/* End PBXSourcesBuildPhase section */

/* Begin XCBuildConfiguration section */
		7D228D8B27B813D000A08CB6 /* Debug */ = {
			isa = XCBuildConfiguration;
			buildSettings = {
				ASSETCATALOG_COMPILER_APPICON_NAME = AppIcon;
				ASSETCATALOG_COMPILER_GLOBAL_ACCENT_COLOR_NAME = AccentColor;
				ASSETCATALOG_COMPILER_INCLUDE_ALL_APPICON_ASSETS = NO;
				CODE_SIGN_ENTITLEMENTS = onSetDesktop/onSetDesktop.entitlements;
				CODE_SIGN_STYLE = Automatic;
				COMBINE_HIDPI_IMAGES = YES;
				CURRENT_PROJECT_VERSION = 1;
				DEVELOPMENT_ASSET_PATHS = "\"onSetDesktop/Preview Content\"";
				DEVELOPMENT_TEAM = 5LUJNZ5JU4;
				ENABLE_HARDENED_RUNTIME = YES;
				ENABLE_PREVIEWS = YES;
				GENERATE_INFOPLIST_FILE = YES;
				INFOPLIST_KEY_NSHumanReadableCopyright = "";
				LD_RUNPATH_SEARCH_PATHS = (
					"$(inherited)",
					"@executable_path/../Frameworks",
				);
				MACOSX_DEPLOYMENT_TARGET = 11.6;
				MARKETING_VERSION = 1.0;
				PRODUCT_BUNDLE_IDENTIFIER = me.onSetDesktop;
				PRODUCT_NAME = "$(TARGET_NAME)";
				SDKROOT = macosx;
				SWIFT_EMIT_LOC_STRINGS = YES;
				SWIFT_VERSION = 5.0;
			};
			name = Debug;
		};
		7D228D8C27B813D000A08CB6 /* Release */ = {
			isa = XCBuildConfiguration;
			buildSettings = {
				ASSETCATALOG_COMPILER_APPICON_NAME = AppIcon;
				ASSETCATALOG_COMPILER_GLOBAL_ACCENT_COLOR_NAME = AccentColor;
				ASSETCATALOG_COMPILER_INCLUDE_ALL_APPICON_ASSETS = NO;
				CODE_SIGN_ENTITLEMENTS = onSetDesktop/onSetDesktop.entitlements;
				CODE_SIGN_STYLE = Automatic;
				COMBINE_HIDPI_IMAGES = YES;
				CURRENT_PROJECT_VERSION = 1;
				DEVELOPMENT_ASSET_PATHS = "\"onSetDesktop/Preview Content\"";
				DEVELOPMENT_TEAM = 5LUJNZ5JU4;
				ENABLE_HARDENED_RUNTIME = YES;
				ENABLE_PREVIEWS = YES;
				GENERATE_INFOPLIST_FILE = YES;
				INFOPLIST_KEY_NSHumanReadableCopyright = "";
				LD_RUNPATH_SEARCH_PATHS = (
					"$(inherited)",
					"@executable_path/../Frameworks",
				);
				MACOSX_DEPLOYMENT_TARGET = 11.6;
				MARKETING_VERSION = 1.0;
				PRODUCT_BUNDLE_IDENTIFIER = me.onSetDesktop;
				PRODUCT_NAME = "$(TARGET_NAME)";
				SDKROOT = macosx;
				SWIFT_EMIT_LOC_STRINGS = YES;
				SWIFT_VERSION = 5.0;
			};
			name = Release;
		};
		7D652270279DB3E6003E03EE /* Debug */ = {
			isa = XCBuildConfiguration;
			buildSettings = {
				ALWAYS_SEARCH_USER_PATHS = NO;
				CLANG_ANALYZER_NONNULL = YES;
				CLANG_ANALYZER_NUMBER_OBJECT_CONVERSION = YES_AGGRESSIVE;
				CLANG_CXX_LANGUAGE_STANDARD = "gnu++17";
				CLANG_CXX_LIBRARY = "libc++";
				CLANG_ENABLE_MODULES = YES;
				CLANG_ENABLE_OBJC_ARC = YES;
				CLANG_ENABLE_OBJC_WEAK = YES;
				CLANG_WARN_BLOCK_CAPTURE_AUTORELEASING = YES;
				CLANG_WARN_BOOL_CONVERSION = YES;
				CLANG_WARN_COMMA = YES;
				CLANG_WARN_CONSTANT_CONVERSION = YES;
				CLANG_WARN_DEPRECATED_OBJC_IMPLEMENTATIONS = YES;
				CLANG_WARN_DIRECT_OBJC_ISA_USAGE = YES_ERROR;
				CLANG_WARN_DOCUMENTATION_COMMENTS = YES;
				CLANG_WARN_EMPTY_BODY = YES;
				CLANG_WARN_ENUM_CONVERSION = YES;
				CLANG_WARN_INFINITE_RECURSION = YES;
				CLANG_WARN_INT_CONVERSION = YES;
				CLANG_WARN_NON_LITERAL_NULL_CONVERSION = YES;
				CLANG_WARN_OBJC_IMPLICIT_RETAIN_SELF = YES;
				CLANG_WARN_OBJC_LITERAL_CONVERSION = YES;
				CLANG_WARN_OBJC_ROOT_CLASS = YES_ERROR;
				CLANG_WARN_QUOTED_INCLUDE_IN_FRAMEWORK_HEADER = YES;
				CLANG_WARN_RANGE_LOOP_ANALYSIS = YES;
				CLANG_WARN_STRICT_PROTOTYPES = YES;
				CLANG_WARN_SUSPICIOUS_MOVE = YES;
				CLANG_WARN_UNGUARDED_AVAILABILITY = YES_AGGRESSIVE;
				CLANG_WARN_UNREACHABLE_CODE = YES;
				CLANG_WARN__DUPLICATE_METHOD_MATCH = YES;
				COPY_PHASE_STRIP = NO;
				DEBUG_INFORMATION_FORMAT = dwarf;
				ENABLE_STRICT_OBJC_MSGSEND = YES;
				ENABLE_TESTABILITY = YES;
				GCC_C_LANGUAGE_STANDARD = gnu11;
				GCC_DYNAMIC_NO_PIC = NO;
				GCC_NO_COMMON_BLOCKS = YES;
				GCC_OPTIMIZATION_LEVEL = 0;
				GCC_PREPROCESSOR_DEFINITIONS = (
					"DEBUG=1",
					"$(inherited)",
				);
				GCC_WARN_64_TO_32_BIT_CONVERSION = YES;
				GCC_WARN_ABOUT_RETURN_TYPE = YES_ERROR;
				GCC_WARN_UNDECLARED_SELECTOR = YES;
				GCC_WARN_UNINITIALIZED_AUTOS = YES_AGGRESSIVE;
				GCC_WARN_UNUSED_FUNCTION = YES;
				GCC_WARN_UNUSED_VARIABLE = YES;
				IPHONEOS_DEPLOYMENT_TARGET = 15.0;
				MTL_ENABLE_DEBUG_INFO = INCLUDE_SOURCE;
				MTL_FAST_MATH = YES;
				ONLY_ACTIVE_ARCH = YES;
				SDKROOT = iphoneos;
				SWIFT_ACTIVE_COMPILATION_CONDITIONS = DEBUG;
				SWIFT_OPTIMIZATION_LEVEL = "-Onone";
			};
			name = Debug;
		};
		7D652271279DB3E6003E03EE /* Release */ = {
			isa = XCBuildConfiguration;
			buildSettings = {
				ALWAYS_SEARCH_USER_PATHS = NO;
				CLANG_ANALYZER_NONNULL = YES;
				CLANG_ANALYZER_NUMBER_OBJECT_CONVERSION = YES_AGGRESSIVE;
				CLANG_CXX_LANGUAGE_STANDARD = "gnu++17";
				CLANG_CXX_LIBRARY = "libc++";
				CLANG_ENABLE_MODULES = YES;
				CLANG_ENABLE_OBJC_ARC = YES;
				CLANG_ENABLE_OBJC_WEAK = YES;
				CLANG_WARN_BLOCK_CAPTURE_AUTORELEASING = YES;
				CLANG_WARN_BOOL_CONVERSION = YES;
				CLANG_WARN_COMMA = YES;
				CLANG_WARN_CONSTANT_CONVERSION = YES;
				CLANG_WARN_DEPRECATED_OBJC_IMPLEMENTATIONS = YES;
				CLANG_WARN_DIRECT_OBJC_ISA_USAGE = YES_ERROR;
				CLANG_WARN_DOCUMENTATION_COMMENTS = YES;
				CLANG_WARN_EMPTY_BODY = YES;
				CLANG_WARN_ENUM_CONVERSION = YES;
				CLANG_WARN_INFINITE_RECURSION = YES;
				CLANG_WARN_INT_CONVERSION = YES;
				CLANG_WARN_NON_LITERAL_NULL_CONVERSION = YES;
				CLANG_WARN_OBJC_IMPLICIT_RETAIN_SELF = YES;
				CLANG_WARN_OBJC_LITERAL_CONVERSION = YES;
				CLANG_WARN_OBJC_ROOT_CLASS = YES_ERROR;
				CLANG_WARN_QUOTED_INCLUDE_IN_FRAMEWORK_HEADER = YES;
				CLANG_WARN_RANGE_LOOP_ANALYSIS = YES;
				CLANG_WARN_STRICT_PROTOTYPES = YES;
				CLANG_WARN_SUSPICIOUS_MOVE = YES;
				CLANG_WARN_UNGUARDED_AVAILABILITY = YES_AGGRESSIVE;
				CLANG_WARN_UNREACHABLE_CODE = YES;
				CLANG_WARN__DUPLICATE_METHOD_MATCH = YES;
				COPY_PHASE_STRIP = NO;
				DEBUG_INFORMATION_FORMAT = "dwarf-with-dsym";
				ENABLE_NS_ASSERTIONS = NO;
				ENABLE_STRICT_OBJC_MSGSEND = YES;
				GCC_C_LANGUAGE_STANDARD = gnu11;
				GCC_NO_COMMON_BLOCKS = YES;
				GCC_WARN_64_TO_32_BIT_CONVERSION = YES;
				GCC_WARN_ABOUT_RETURN_TYPE = YES_ERROR;
				GCC_WARN_UNDECLARED_SELECTOR = YES;
				GCC_WARN_UNINITIALIZED_AUTOS = YES_AGGRESSIVE;
				GCC_WARN_UNUSED_FUNCTION = YES;
				GCC_WARN_UNUSED_VARIABLE = YES;
				IPHONEOS_DEPLOYMENT_TARGET = 15.0;
				MTL_ENABLE_DEBUG_INFO = NO;
				MTL_FAST_MATH = YES;
				SDKROOT = iphoneos;
				SWIFT_COMPILATION_MODE = wholemodule;
				SWIFT_OPTIMIZATION_LEVEL = "-O";
				VALIDATE_PRODUCT = YES;
			};
			name = Release;
		};
		7D652273279DB3E6003E03EE /* Debug */ = {
			isa = XCBuildConfiguration;
			buildSettings = {
				ASSETCATALOG_COMPILER_APPICON_NAME = AppIcon;
				ASSETCATALOG_COMPILER_GLOBAL_ACCENT_COLOR_NAME = AccentColor;
				CODE_SIGN_STYLE = Automatic;
				CURRENT_PROJECT_VERSION = 1;
				DEVELOPMENT_ASSET_PATHS = "\"onSet/Preview Content\"";
				DEVELOPMENT_TEAM = 5LUJNZ5JU4;
				ENABLE_PREVIEWS = YES;
				GENERATE_INFOPLIST_FILE = YES;
				INFOPLIST_FILE = onSet/Info.plist;
				INFOPLIST_KEY_UIApplicationSceneManifest_Generation = YES;
				INFOPLIST_KEY_UIApplicationSupportsIndirectInputEvents = YES;
				INFOPLIST_KEY_UILaunchScreen_Generation = YES;
				INFOPLIST_KEY_UIRequiresFullScreen = YES;
				INFOPLIST_KEY_UISupportedInterfaceOrientations_iPad = "UIInterfaceOrientationLandscapeLeft UIInterfaceOrientationLandscapeRight UIInterfaceOrientationPortrait UIInterfaceOrientationPortraitUpsideDown";
				INFOPLIST_KEY_UISupportedInterfaceOrientations_iPhone = "UIInterfaceOrientationPortrait UIInterfaceOrientationLandscapeLeft UIInterfaceOrientationLandscapeRight";
				INFOPLIST_KEY_UIUserInterfaceStyle = Dark;
				LD_RUNPATH_SEARCH_PATHS = (
					"$(inherited)",
					"@executable_path/Frameworks",
				);
				MARKETING_VERSION = 1.0;
				PRODUCT_BUNDLE_IDENTIFIER = me.onSet;
				PRODUCT_NAME = "$(TARGET_NAME)";
				SWIFT_EMIT_LOC_STRINGS = YES;
				SWIFT_VERSION = 5.0;
				TARGETED_DEVICE_FAMILY = 2;
			};
			name = Debug;
		};
		7D652274279DB3E6003E03EE /* Release */ = {
			isa = XCBuildConfiguration;
			buildSettings = {
				ASSETCATALOG_COMPILER_APPICON_NAME = AppIcon;
				ASSETCATALOG_COMPILER_GLOBAL_ACCENT_COLOR_NAME = AccentColor;
				CODE_SIGN_STYLE = Automatic;
				CURRENT_PROJECT_VERSION = 1;
				DEVELOPMENT_ASSET_PATHS = "\"onSet/Preview Content\"";
				DEVELOPMENT_TEAM = 5LUJNZ5JU4;
				ENABLE_PREVIEWS = YES;
				GENERATE_INFOPLIST_FILE = YES;
				INFOPLIST_FILE = onSet/Info.plist;
				INFOPLIST_KEY_UIApplicationSceneManifest_Generation = YES;
				INFOPLIST_KEY_UIApplicationSupportsIndirectInputEvents = YES;
				INFOPLIST_KEY_UILaunchScreen_Generation = YES;
				INFOPLIST_KEY_UIRequiresFullScreen = YES;
				INFOPLIST_KEY_UISupportedInterfaceOrientations_iPad = "UIInterfaceOrientationLandscapeLeft UIInterfaceOrientationLandscapeRight UIInterfaceOrientationPortrait UIInterfaceOrientationPortraitUpsideDown";
				INFOPLIST_KEY_UISupportedInterfaceOrientations_iPhone = "UIInterfaceOrientationPortrait UIInterfaceOrientationLandscapeLeft UIInterfaceOrientationLandscapeRight";
				INFOPLIST_KEY_UIUserInterfaceStyle = Dark;
				LD_RUNPATH_SEARCH_PATHS = (
					"$(inherited)",
					"@executable_path/Frameworks",
				);
				MARKETING_VERSION = 1.0;
				PRODUCT_BUNDLE_IDENTIFIER = me.onSet;
				PRODUCT_NAME = "$(TARGET_NAME)";
				SWIFT_EMIT_LOC_STRINGS = YES;
				SWIFT_VERSION = 5.0;
				TARGETED_DEVICE_FAMILY = 2;
			};
			name = Release;
		};
/* End XCBuildConfiguration section */

/* Begin XCConfigurationList section */
		7D228D8A27B813D000A08CB6 /* Build configuration list for PBXNativeTarget "onSetDesktop" */ = {
			isa = XCConfigurationList;
			buildConfigurations = (
				7D228D8B27B813D000A08CB6 /* Debug */,
				7D228D8C27B813D000A08CB6 /* Release */,
			);
			defaultConfigurationIsVisible = 0;
			defaultConfigurationName = Release;
		};
		7D65225A279DB3E5003E03EE /* Build configuration list for PBXProject "onSet" */ = {
			isa = XCConfigurationList;
			buildConfigurations = (
				7D652270279DB3E6003E03EE /* Debug */,
				7D652271279DB3E6003E03EE /* Release */,
			);
			defaultConfigurationIsVisible = 0;
			defaultConfigurationName = Release;
		};
		7D652272279DB3E6003E03EE /* Build configuration list for PBXNativeTarget "onSet" */ = {
			isa = XCConfigurationList;
			buildConfigurations = (
				7D652273279DB3E6003E03EE /* Debug */,
				7D652274279DB3E6003E03EE /* Release */,
			);
			defaultConfigurationIsVisible = 0;
			defaultConfigurationName = Release;
		};
/* End XCConfigurationList section */

/* Begin XCVersionGroup section */
		7D228D8627B813D000A08CB6 /* onSetDesktop.xcdatamodeld */ = {
			isa = XCVersionGroup;
			children = (
				7D228D8727B813D000A08CB6 /* onSetDesktop.xcdatamodel */,
			);
			currentVersion = 7D228D8727B813D000A08CB6 /* onSetDesktop.xcdatamodel */;
			path = onSetDesktop.xcdatamodeld;
			sourceTree = "<group>";
			versionGroupType = wrapper.xcdatamodel;
		};
		7D65226D279DB3E6003E03EE /* onSet.xcdatamodeld */ = {
			isa = XCVersionGroup;
			children = (
				7D65226E279DB3E6003E03EE /* onSet.xcdatamodel */,
			);
			currentVersion = 7D65226E279DB3E6003E03EE /* onSet.xcdatamodel */;
			path = onSet.xcdatamodeld;
			sourceTree = "<group>";
			versionGroupType = wrapper.xcdatamodel;
		};
/* End XCVersionGroup section */
	};
	rootObject = 7D652257279DB3E5003E03EE /* Project object */;
}
